
Microsoft Visual Studio Solution File, Format Version 12.00
Project("{FAE04EC0-301F-11D3-BF4B-00C04F79EFBC}") = "Devmon", "Devmon\Devmon.csproj", "{C84725A8-78A7-40CC-BFA7-F0153BE1EBE2}"
EndProject
Project("{FAE04EC0-301F-11D3-BF4B-00C04F79EFBC}") = "Devman", "Devman\Devman.csproj", "{B17DAF71-BAAE-4CBF-A796-912473ACDBE0}"
EndProject
Global
	GlobalSection(SolutionConfigurationPlatforms) = preSolution
		Debug|Any CPU = Debug|Any CPU
		Release|Any CPU = Release|Any CPU
	EndGlobalSection
	GlobalSection(ProjectConfigurationPlatforms) = postSolution
		{C84725A8-78A7-40CC-BFA7-F0153BE1EBE2}.Debug|Any CPU.ActiveCfg = Debug|Any CPU
		{C84725A8-78A7-40CC-BFA7-F0153BE1EBE2}.Debug|Any CPU.Build.0 = Debug|Any CPU
		{C84725A8-78A7-40CC-BFA7-F0153BE1EBE2}.Release|Any CPU.ActiveCfg = Release|Any CPU
		{C84725A8-78A7-40CC-BFA7-F0153BE1EBE2}.Release|Any CPU.Build.0 = Release|Any CPU
		{B17DAF71-BAAE-4CBF-A796-912473ACDBE0}.Debug|Any CPU.ActiveCfg = Debug|Any CPU
		{B17DAF71-BAAE-4CBF-A796-912473ACDBE0}.Debug|Any CPU.Build.0 = Debug|Any CPU
		{B17DAF71-BAAE-4CBF-A796-912473ACDBE0}.Release|Any CPU.ActiveCfg = Release|Any CPU
		{B17DAF71-BAAE-4CBF-A796-912473ACDBE0}.Release|Any CPU.Build.0 = Release|Any CPU
	EndGlobalSection
EndGlobal
